{
  "name": "@friendsofredaxo/installer-action",
  "version": "1.0.4",
  "lockfileVersion": 2,
  "requires": true,
  "packages": {
    "": {
      "name": "@friendsofredaxo/installer-action",
      "version": "1.0.4",
      "license": "MIT",
      "dependencies": {
        "@actions/core": "^1.4.0",
        "archiver": "^5.3.0",
        "axios": "^0.21.1",
        "form-data": "^4.0.0",
        "yaml": "^1.10.2"
      },
      "devDependencies": {
        "@types/archiver": "^5.1.1",
        "@types/node": "^16.4.13",
        "@vercel/ncc": "^0.29.0",
        "typescript": "^4.3.5"
      }
    },
    "node_modules/@actions/core": {
      "version": "1.9.0",
      "license": "MIT",
      "dependencies": {
        "@actions/http-client": "^2.0.1"
      }
    },
    "node_modules/@actions/http-client": {
      "version": "2.0.1",
      "license": "MIT",
      "dependencies": {
        "tunnel": "^0.0.6"
      }
    },
    "node_modules/@types/archiver": {
      "version": "5.3.1",
      "dev": true,
      "license": "MIT",
      "dependencies": {
        "@types/glob": "*"
      }
    },
    "node_modules/@types/glob": {
      "version": "7.2.0",
      "dev": true,
      "license": "MIT",
      "dependencies": {
        "@types/minimatch": "*",
        "@types/node": "*"
      }
    },
    "node_modules/@types/minimatch": {
      "version": "3.0.5",
      "dev": true,
      "license": "MIT"
    },
    "node_modules/@types/node": {
      "version": "16.11.45",
      "dev": true,
      "license": "MIT"
    },
    "node_modules/@vercel/ncc": {
      "version": "0.29.2",
      "dev": true,
      "license": "MIT",
      "bin": {
        "ncc": "dist/ncc/cli.js"
      }
    },
    "node_modules/archiver": {
      "version": "5.3.1",
      "license": "MIT",
      "dependencies": {
        "archiver-utils": "^2.1.0",
        "async": "^3.2.3",
        "buffer-crc32": "^0.2.1",
        "readable-stream": "^3.6.0",
        "readdir-glob": "^1.0.0",
        "tar-stream": "^2.2.0",
        "zip-stream": "^4.1.0"
      },
      "engines": {
        "node": ">= 10"
      }
    },
    "node_modules/archiver-utils": {
      "version": "2.1.0",
      "license": "MIT",
      "dependencies": {
        "glob": "^7.1.4",
        "graceful-fs": "^4.2.0",
        "lazystream": "^1.0.0",
        "lodash.defaults": "^4.2.0",
        "lodash.difference": "^4.5.0",
        "lodash.flatten": "^4.4.0",
        "lodash.isplainobject": "^4.0.6",
        "lodash.union": "^4.6.0",
        "normalize-path": "^3.0.0",
        "readable-stream": "^2.0.0"
      },
      "engines": {
        "node": ">= 6"
      }
    },
    "node_modules/archiver-utils/node_modules/readable-stream": {
      "version": "2.3.7",
      "license": "MIT",
      "dependencies": {
        "core-util-is": "~1.0.0",
        "inherits": "~2.0.3",
        "isarray": "~1.0.0",
        "process-nextick-args": "~2.0.0",
        "safe-buffer": "~5.1.1",
        "string_decoder": "~1.1.1",
        "util-deprecate": "~1.0.1"
      }
    },
    "node_modules/archiver-utils/node_modules/safe-buffer": {
      "version": "5.1.2",
      "license": "MIT"
    },
    "node_modules/archiver-utils/node_modules/string_decoder": {
      "version": "1.1.1",
      "license": "MIT",
      "dependencies": {
        "safe-buffer": "~5.1.0"
      }
    },
    "node_modules/async": {
      "version": "3.2.4",
      "license": "MIT"
    },
    "node_modules/asynckit": {
      "version": "0.4.0",
      "license": "MIT"
    },
    "node_modules/axios": {
      "version": "0.21.4",
      "license": "MIT",
      "dependencies": {
        "follow-redirects": "^1.14.0"
      }
    },
    "node_modules/balanced-match": {
      "version": "1.0.2",
      "license": "MIT"
    },
    "node_modules/base64-js": {
      "version": "1.5.1",
      "funding": [
        {
          "type": "github",
          "url": "https://github.com/sponsors/feross"
        },
        {
          "type": "patreon",
          "url": "https://www.patreon.com/feross"
        },
        {
          "type": "consulting",
          "url": "https://feross.org/support"
        }
      ],
      "license": "MIT"
    },
    "node_modules/bl": {
      "version": "4.1.0",
      "license": "MIT",
      "dependencies": {
        "buffer": "^5.5.0",
        "inherits": "^2.0.4",
        "readable-stream": "^3.4.0"
      }
    },
    "node_modules/brace-expansion": {
      "version": "1.1.11",
      "license": "MIT",
      "dependencies": {
        "balanced-match": "^1.0.0",
        "concat-map": "0.0.1"
      }
    },
    "node_modules/buffer": {
      "version": "5.7.1",
      "funding": [
        {
          "type": "github",
          "url": "https://github.com/sponsors/feross"
        },
        {
          "type": "patreon",
          "url": "https://www.patreon.com/feross"
        },
        {
          "type": "consulting",
          "url": "https://feross.org/support"
        }
      ],
      "license": "MIT",
      "dependencies": {
        "base64-js": "^1.3.1",
        "ieee754": "^1.1.13"
      }
    },
    "node_modules/buffer-crc32": {
      "version": "0.2.13",
      "license": "MIT",
      "engines": {
        "node": "*"
      }
    },
    "node_modules/combined-stream": {
      "version": "1.0.8",
      "license": "MIT",
      "dependencies": {
        "delayed-stream": "~1.0.0"
      },
      "engines": {
        "node": ">= 0.8"
      }
    },
    "node_modules/compress-commons": {
      "version": "4.1.1",
      "license": "MIT",
      "dependencies": {
        "buffer-crc32": "^0.2.13",
        "crc32-stream": "^4.0.2",
        "normalize-path": "^3.0.0",
        "readable-stream": "^3.6.0"
      },
      "engines": {
        "node": ">= 10"
      }
    },
    "node_modules/concat-map": {
      "version": "0.0.1",
      "license": "MIT"
    },
    "node_modules/core-util-is": {
      "version": "1.0.3",
      "license": "MIT"
    },
    "node_modules/crc-32": {
      "version": "1.2.2",
      "license": "Apache-2.0",
      "bin": {
        "crc32": "bin/crc32.njs"
      },
      "engines": {
        "node": ">=0.8"
      }
    },
    "node_modules/crc32-stream": {
      "version": "4.0.2",
      "license": "MIT",
      "dependencies": {
        "crc-32": "^1.2.0",
        "readable-stream": "^3.4.0"
      },
      "engines": {
        "node": ">= 10"
      }
    },
    "node_modules/delayed-stream": {
      "version": "1.0.0",
      "license": "MIT",
      "engines": {
        "node": ">=0.4.0"
      }
    },
    "node_modules/end-of-stream": {
      "version": "1.4.4",
      "license": "MIT",
      "dependencies": {
        "once": "^1.4.0"
      }
    },
    "node_modules/follow-redirects": {
      "version": "1.15.1",
      "funding": [
        {
          "type": "individual",
          "url": "https://github.com/sponsors/RubenVerborgh"
        }
      ],
      "license": "MIT",
      "engines": {
        "node": ">=4.0"
      },
      "peerDependenciesMeta": {
        "debug": {
          "optional": true
        }
      }
    },
    "node_modules/form-data": {
      "version": "4.0.0",
      "license": "MIT",
      "dependencies": {
        "asynckit": "^0.4.0",
        "combined-stream": "^1.0.8",
        "mime-types": "^2.1.12"
      },
      "engines": {
        "node": ">= 6"
      }
    },
    "node_modules/fs-constants": {
      "version": "1.0.0",
      "license": "MIT"
    },
    "node_modules/fs.realpath": {
      "version": "1.0.0",
      "license": "ISC"
    },
    "node_modules/glob": {
      "version": "7.2.3",
      "license": "ISC",
      "dependencies": {
        "fs.realpath": "^1.0.0",
        "inflight": "^1.0.4",
        "inherits": "2",
        "minimatch": "^3.1.1",
        "once": "^1.3.0",
        "path-is-absolute": "^1.0.0"
      },
      "engines": {
        "node": "*"
      },
      "funding": {
        "url": "https://github.com/sponsors/isaacs"
      }
    },
    "node_modules/graceful-fs": {
      "version": "4.2.10",
      "license": "ISC"
    },
    "node_modules/ieee754": {
      "version": "1.2.1",
      "funding": [
        {
          "type": "github",
          "url": "https://github.com/sponsors/feross"
        },
        {
          "type": "patreon",
          "url": "https://www.patreon.com/feross"
        },
        {
          "type": "consulting",
          "url": "https://feross.org/support"
        }
      ],
      "license": "BSD-3-Clause"
    },
    "node_modules/inflight": {
      "version": "1.0.6",
      "license": "ISC",
      "dependencies": {
        "once": "^1.3.0",
        "wrappy": "1"
      }
    },
    "node_modules/inherits": {
      "version": "2.0.4",
      "license": "ISC"
    },
    "node_modules/isarray": {
      "version": "1.0.0",
      "license": "MIT"
    },
    "node_modules/lazystream": {
      "version": "1.0.1",
      "license": "MIT",
      "dependencies": {
        "readable-stream": "^2.0.5"
      },
      "engines": {
        "node": ">= 0.6.3"
      }
    },
    "node_modules/lazystream/node_modules/readable-stream": {
      "version": "2.3.7",
      "license": "MIT",
      "dependencies": {
        "core-util-is": "~1.0.0",
        "inherits": "~2.0.3",
        "isarray": "~1.0.0",
        "process-nextick-args": "~2.0.0",
        "safe-buffer": "~5.1.1",
        "string_decoder": "~1.1.1",
        "util-deprecate": "~1.0.1"
      }
    },
    "node_modules/lazystream/node_modules/safe-buffer": {
      "version": "5.1.2",
      "license": "MIT"
    },
    "node_modules/lazystream/node_modules/string_decoder": {
      "version": "1.1.1",
      "license": "MIT",
      "dependencies": {
        "safe-buffer": "~5.1.0"
      }
    },
    "node_modules/lodash.defaults": {
      "version": "4.2.0",
      "license": "MIT"
    },
    "node_modules/lodash.difference": {
      "version": "4.5.0",
      "license": "MIT"
    },
    "node_modules/lodash.flatten": {
      "version": "4.4.0",
      "license": "MIT"
    },
    "node_modules/lodash.isplainobject": {
      "version": "4.0.6",
      "license": "MIT"
    },
    "node_modules/lodash.union": {
      "version": "4.6.0",
      "license": "MIT"
    },
    "node_modules/mime-db": {
      "version": "1.52.0",
      "license": "MIT",
      "engines": {
        "node": ">= 0.6"
      }
    },
    "node_modules/mime-types": {
      "version": "2.1.35",
      "license": "MIT",
      "dependencies": {
        "mime-db": "1.52.0"
      },
      "engines": {
        "node": ">= 0.6"
      }
    },
    "node_modules/minimatch": {
      "version": "3.1.2",
      "license": "ISC",
      "dependencies": {
        "brace-expansion": "^1.1.7"
      },
      "engines": {
        "node": "*"
      }
    },
    "node_modules/normalize-path": {
      "version": "3.0.0",
      "license": "MIT",
      "engines": {
        "node": ">=0.10.0"
      }
    },
    "node_modules/once": {
      "version": "1.4.0",
      "license": "ISC",
      "dependencies": {
        "wrappy": "1"
      }
    },
    "node_modules/path-is-absolute": {
      "version": "1.0.1",
      "license": "MIT",
      "engines": {
        "node": ">=0.10.0"
      }
    },
    "node_modules/process-nextick-args": {
      "version": "2.0.1",
      "license": "MIT"
    },
    "node_modules/readable-stream": {
      "version": "3.6.0",
      "license": "MIT",
      "dependencies": {
        "inherits": "^2.0.3",
        "string_decoder": "^1.1.1",
        "util-deprecate": "^1.0.1"
      },
      "engines": {
        "node": ">= 6"
      }
    },
    "node_modules/readdir-glob": {
      "version": "1.1.2",
      "license": "Apache-2.0",
      "dependencies": {
        "minimatch": "^5.1.0"
      }
    },
    "node_modules/readdir-glob/node_modules/brace-expansion": {
      "version": "2.0.1",
      "license": "MIT",
      "dependencies": {
        "balanced-match": "^1.0.0"
      }
    },
    "node_modules/readdir-glob/node_modules/minimatch": {
      "version": "5.1.0",
      "license": "ISC",
      "dependencies": {
        "brace-expansion": "^2.0.1"
      },
      "engines": {
        "node": ">=10"
      }
    },
    "node_modules/safe-buffer": {
      "version": "5.2.1",
      "funding": [
        {
          "type": "github",
          "url": "https://github.com/sponsors/feross"
        },
        {
          "type": "patreon",
          "url": "https://www.patreon.com/feross"
        },
        {
          "type": "consulting",
          "url": "https://feross.org/support"
        }
      ],
      "license": "MIT"
    },
    "node_modules/string_decoder": {
      "version": "1.3.0",
      "license": "MIT",
      "dependencies": {
        "safe-buffer": "~5.2.0"
      }
    },
    "node_modules/tar-stream": {
      "version": "2.2.0",
      "license": "MIT",
      "dependencies": {
        "bl": "^4.0.3",
        "end-of-stream": "^1.4.1",
        "fs-constants": "^1.0.0",
        "inherits": "^2.0.3",
        "readable-stream": "^3.1.1"
      },
      "engines": {
        "node": ">=6"
      }
    },
    "node_modules/tunnel": {
      "version": "0.0.6",
      "license": "MIT",
      "engines": {
        "node": ">=0.6.11 <=0.7.0 || >=0.7.3"
      }
    },
    "node_modules/typescript": {
      "version": "4.7.4",
      "dev": true,
      "license": "Apache-2.0",
      "bin": {
        "tsc": "bin/tsc",
        "tsserver": "bin/tsserver"
      },
      "engines": {
        "node": ">=4.2.0"
      }
    },
    "node_modules/util-deprecate": {
      "version": "1.0.2",
      "license": "MIT"
    },
    "node_modules/wrappy": {
      "version": "1.0.2",
      "license": "ISC"
    },
    "node_modules/yaml": {
      "version": "1.10.2",
      "license": "ISC",
      "engines": {
        "node": ">= 6"
      }
    },
    "node_modules/zip-stream": {
      "version": "4.1.0",
      "license": "MIT",
      "dependencies": {
        "archiver-utils": "^2.1.0",
        "compress-commons": "^4.1.0",
        "readable-stream": "^3.6.0"
      },
      "engines": {
        "node": ">= 10"
      }
    }
  },
  "dependencies": {
    "@actions/core": {
      "version": "1.9.0",
      "requires": {
        "@actions/http-client": "^2.0.1"
      }
    },
    "@actions/http-client": {
      "version": "2.0.1",
      "requires": {
        "tunnel": "^0.0.6"
      }
    },
    "@types/archiver": {
      "version": "5.3.1",
      "dev": true,
      "requires": {
        "@types/glob": "*"
      }
    },
    "@types/glob": {
      "version": "7.2.0",
      "dev": true,
      "requires": {
        "@types/minimatch": "*",
        "@types/node": "*"
      }
    },
    "@types/minimatch": {
      "version": "3.0.5",
      "dev": true
    },
    "@types/node": {
      "version": "16.11.45",
      "dev": true
    },
    "@vercel/ncc": {
      "version": "0.29.2",
      "dev": true
    },
    "archiver": {
      "version": "5.3.1",
      "requires": {
        "archiver-utils": "^2.1.0",
        "async": "^3.2.3",
        "buffer-crc32": "^0.2.1",
        "readable-stream": "^3.6.0",
        "readdir-glob": "^1.0.0",
        "tar-stream": "^2.2.0",
        "zip-stream": "^4.1.0"
      }
    },
    "archiver-utils": {
      "version": "2.1.0",
      "requires": {
        "glob": "^7.1.4",
        "graceful-fs": "^4.2.0",
        "lazystream": "^1.0.0",
        "lodash.defaults": "^4.2.0",
        "lodash.difference": "^4.5.0",
        "lodash.flatten": "^4.4.0",
        "lodash.isplainobject": "^4.0.6",
        "lodash.union": "^4.6.0",
        "normalize-path": "^3.0.0",
        "readable-stream": "^2.0.0"
      },
      "dependencies": {
        "readable-stream": {
          "version": "2.3.7",
          "requires": {
            "core-util-is": "~1.0.0",
            "inherits": "~2.0.3",
            "isarray": "~1.0.0",
            "process-nextick-args": "~2.0.0",
            "safe-buffer": "~5.1.1",
            "string_decoder": "~1.1.1",
            "util-deprecate": "~1.0.1"
          }
        },
        "safe-buffer": {
          "version": "5.1.2"
        },
        "string_decoder": {
          "version": "1.1.1",
          "requires": {
            "safe-buffer": "~5.1.0"
          }
        }
      }
    },
    "async": {
      "version": "3.2.4"
    },
    "asynckit": {
      "version": "0.4.0"
    },
    "axios": {
      "version": "0.21.4",
      "requires": {
        "follow-redirects": "^1.14.0"
      }
    },
    "balanced-match": {
      "version": "1.0.2"
    },
    "base64-js": {
      "version": "1.5.1"
    },
    "bl": {
      "version": "4.1.0",
      "requires": {
        "buffer": "^5.5.0",
        "inherits": "^2.0.4",
        "readable-stream": "^3.4.0"
      }
    },
    "brace-expansion": {
      "version": "1.1.11",
      "requires": {
        "balanced-match": "^1.0.0",
        "concat-map": "0.0.1"
      }
    },
    "buffer": {
      "version": "5.7.1",
      "requires": {
        "base64-js": "^1.3.1",
        "ieee754": "^1.1.13"
      }
    },
    "buffer-crc32": {
      "version": "0.2.13"
    },
    "combined-stream": {
      "version": "1.0.8",
      "requires": {
        "delayed-stream": "~1.0.0"
      }
    },
    "compress-commons": {
      "version": "4.1.1",
      "requires": {
        "buffer-crc32": "^0.2.13",
        "crc32-stream": "^4.0.2",
        "normalize-path": "^3.0.0",
        "readable-stream": "^3.6.0"
      }
    },
    "concat-map": {
      "version": "0.0.1"
    },
    "core-util-is": {
      "version": "1.0.3"
    },
    "crc-32": {
      "version": "1.2.2"
    },
    "crc32-stream": {
      "version": "4.0.2",
      "requires": {
        "crc-32": "^1.2.0",
        "readable-stream": "^3.4.0"
      }
    },
    "delayed-stream": {
      "version": "1.0.0"
    },
    "end-of-stream": {
      "version": "1.4.4",
      "requires": {
        "once": "^1.4.0"
      }
    },
    "follow-redirects": {
      "version": "1.15.1"
    },
    "form-data": {
      "version": "4.0.0",
      "requires": {
        "asynckit": "^0.4.0",
        "combined-stream": "^1.0.8",
        "mime-types": "^2.1.12"
      }
    },
    "fs-constants": {
      "version": "1.0.0"
    },
    "fs.realpath": {
      "version": "1.0.0"
    },
    "glob": {
      "version": "7.2.3",
      "requires": {
        "fs.realpath": "^1.0.0",
        "inflight": "^1.0.4",
        "inherits": "2",
        "minimatch": "^3.1.1",
        "once": "^1.3.0",
        "path-is-absolute": "^1.0.0"
      }
    },
    "graceful-fs": {
      "version": "4.2.10"
    },
    "ieee754": {
      "version": "1.2.1"
    },
    "inflight": {
      "version": "1.0.6",
      "requires": {
        "once": "^1.3.0",
        "wrappy": "1"
      }
    },
    "inherits": {
      "version": "2.0.4"
    },
    "isarray": {
      "version": "1.0.0"
    },
    "lazystream": {
      "version": "1.0.1",
      "requires": {
        "readable-stream": "^2.0.5"
      },
      "dependencies": {
        "readable-stream": {
          "version": "2.3.7",
          "requires": {
            "core-util-is": "~1.0.0",
            "inherits": "~2.0.3",
            "isarray": "~1.0.0",
            "process-nextick-args": "~2.0.0",
            "safe-buffer": "~5.1.1",
            "string_decoder": "~1.1.1",
            "util-deprecate": "~1.0.1"
          }
        },
        "safe-buffer": {
          "version": "5.1.2"
        },
        "string_decoder": {
          "version": "1.1.1",
          "requires": {
            "safe-buffer": "~5.1.0"
          }
        }
      }
    },
    "lodash.defaults": {
      "version": "4.2.0"
    },
    "lodash.difference": {
      "version": "4.5.0"
    },
    "lodash.flatten": {
      "version": "4.4.0"
    },
    "lodash.isplainobject": {
      "version": "4.0.6"
    },
    "lodash.union": {
      "version": "4.6.0"
    },
    "mime-db": {
      "version": "1.52.0"
    },
    "mime-types": {
      "version": "2.1.35",
      "requires": {
        "mime-db": "1.52.0"
      }
    },
    "minimatch": {
      "version": "3.1.2",
      "requires": {
        "brace-expansion": "^1.1.7"
      }
    },
    "normalize-path": {
      "version": "3.0.0"
    },
    "once": {
      "version": "1.4.0",
      "requires": {
        "wrappy": "1"
      }
    },
    "path-is-absolute": {
      "version": "1.0.1"
    },
    "process-nextick-args": {
      "version": "2.0.1"
    },
    "readable-stream": {
      "version": "3.6.0",
      "requires": {
        "inherits": "^2.0.3",
        "string_decoder": "^1.1.1",
        "util-deprecate": "^1.0.1"
      }
    },
    "readdir-glob": {
      "version": "1.1.2",
      "requires": {
        "minimatch": "^5.1.0"
      },
      "dependencies": {
        "brace-expansion": {
          "version": "2.0.1",
          "requires": {
            "balanced-match": "^1.0.0"
          }
        },
        "minimatch": {
          "version": "5.1.0",
          "requires": {
            "brace-expansion": "^2.0.1"
          }
        }
      }
    },
    "safe-buffer": {
      "version": "5.2.1"
    },
    "string_decoder": {
      "version": "1.3.0",
      "requires": {
        "safe-buffer": "~5.2.0"
      }
    },
    "tar-stream": {
      "version": "2.2.0",
      "requires": {
        "bl": "^4.0.3",
        "end-of-stream": "^1.4.1",
        "fs-constants": "^1.0.0",
        "inherits": "^2.0.3",
        "readable-stream": "^3.1.1"
      }
    },
    "tunnel": {
      "version": "0.0.6"
    },
    "typescript": {
      "version": "4.7.4",
      "dev": true
    },
    "util-deprecate": {
      "version": "1.0.2"
    },
    "wrappy": {
      "version": "1.0.2"
    },
    "yaml": {
      "version": "1.10.2"
    },
    "zip-stream": {
      "version": "4.1.0",
      "requires": {
        "archiver-utils": "^2.1.0",
        "compress-commons": "^4.1.0",
        "readable-stream": "^3.6.0"
      }
    }
  }
}
